
Microsoft Visual Studio Solution File, Format Version 12.00
# Visual Studio Version 17
VisualStudioVersion = 17.5.002.0
MinimumVisualStudioVersion = 10.0.40219.1
Project("{2150E333-8FDC-42A3-9474-1A3956D46DE8}") = "sandbox", "sandbox", "{4A84D811-EB46-461E-BDEC-A752CB8AFBD6}"
EndProject
Project("{9A19103F-16F7-4668-BE54-9A1E7A4F7556}") = "sandbox_project", "sandbox\sandbox_project\sandbox_project.csproj", "{11B4DC70-8BEC-45EC-8E69-330878EDD397}"
EndProject
Project("{2150E333-8FDC-42A3-9474-1A3956D46DE8}") = "week01", "week01", "{471A9429-19DD-4230-A6F0-2A6E3AAC44D8}"
EndProject
Project("{9A19103F-16F7-4668-BE54-9A1E7A4F7556}") = "analyze", "week01\analyze\analyze.csproj", "{176E35F5-ACDE-421E-901B-A622BBC08256}"
EndProject
Project("{9A19103F-16F7-4668-BE54-9A1E7A4F7556}") = "code", "week01\code\code.csproj", "{3C16828A-9A65-452F-87AF-50B4C7307498}"
EndProject
Project("{9A19103F-16F7-4668-BE54-9A1E7A4F7556}") = "teach", "week01\teach\teach.csproj", "{C8B003D6-696B-4B2D-B196-1685A2C62589}"
EndProject
Project("{2150E333-8FDC-42A3-9474-1A3956D46DE8}") = "week02", "week02", "{F532B419-0BA1-4BD8-A9C9-2A33F8CE7C08}"
EndProject
Project("{9A19103F-16F7-4668-BE54-9A1E7A4F7556}") = "analyze", "week02\analyze\analyze.csproj", "{C9A36C96-03EB-4D74-B43A-7107735E6EA6}"
EndProject
Project("{9A19103F-16F7-4668-BE54-9A1E7A4F7556}") = "code", "week02\code\code.csproj", "{2CC0550D-6FA2-4FB2-B0AD-4FFCD3CE5A34}"
EndProject
Project("{9A19103F-16F7-4668-BE54-9A1E7A4F7556}") = "learn", "week02\learn\learn.csproj", "{27A24DA5-66F4-45E6-AC07-908A183802A0}"
EndProject
Project("{9A19103F-16F7-4668-BE54-9A1E7A4F7556}") = "teach", "week02\teach\teach.csproj", "{449EB9B8-AEF6-47DB-80B1-809E94DDC2B2}"
EndProject
Project("{2150E333-8FDC-42A3-9474-1A3956D46DE8}") = "week03", "week03", "{8EB89AA4-2EAE-4E1F-B817-BA35C6A2C71A}"
EndProject
Project("{9A19103F-16F7-4668-BE54-9A1E7A4F7556}") = "code", "week03\code\code.csproj", "{43F598EE-E122-4A84-A0DB-AF83F2897715}"
EndProject
Project("{9A19103F-16F7-4668-BE54-9A1E7A4F7556}") = "learn", "week03\learn\learn.csproj", "{ABB7D3A8-4970-43A4-853B-C5A5EE6746EB}"
EndProject
Project("{9A19103F-16F7-4668-BE54-9A1E7A4F7556}") = "teach", "week03\teach\teach.csproj", "{D67D0A5C-C079-4BDA-AEDB-A59FF5FD8FA2}"
EndProject
Project("{2150E333-8FDC-42A3-9474-1A3956D46DE8}") = "week04", "week04", "{63B3946A-BCD1-48ED-999D-B9357DF8200B}"
EndProject
Project("{9A19103F-16F7-4668-BE54-9A1E7A4F7556}") = "code", "week04\code\code.csproj", "{3610AE8B-5678-449A-8FF4-E0D28D38E58C}"
EndProject
Project("{2150E333-8FDC-42A3-9474-1A3956D46DE8}") = "week05", "week05", "{E93CE77B-1735-4DFF-AD85-D7CFB568D140}"
EndProject
Project("{9A19103F-16F7-4668-BE54-9A1E7A4F7556}") = "code", "week05\code\code.csproj", "{E34538E0-8824-4527-B45D-A79207C2FC69}"
EndProject
Project("{2150E333-8FDC-42A3-9474-1A3956D46DE8}") = "week06", "week06", "{12051BEE-AFCD-4A79-BAEA-F4C068C34347}"
EndProject
Project("{9A19103F-16F7-4668-BE54-9A1E7A4F7556}") = "code", "week06\code\code.csproj", "{77AA5756-975F-4A76-ADCE-09C4D3CD9B3D}"
EndProject
Global
	GlobalSection(SolutionConfigurationPlatforms) = preSolution
		Debug|Any CPU = Debug|Any CPU
		Release|Any CPU = Release|Any CPU
	EndGlobalSection
	GlobalSection(ProjectConfigurationPlatforms) = postSolution
		{11B4DC70-8BEC-45EC-8E69-330878EDD397}.Debug|Any CPU.ActiveCfg = Debug|Any CPU
		{11B4DC70-8BEC-45EC-8E69-330878EDD397}.Debug|Any CPU.Build.0 = Debug|Any CPU
		{11B4DC70-8BEC-45EC-8E69-330878EDD397}.Release|Any CPU.ActiveCfg = Release|Any CPU
		{11B4DC70-8BEC-45EC-8E69-330878EDD397}.Release|Any CPU.Build.0 = Release|Any CPU
		{176E35F5-ACDE-421E-901B-A622BBC08256}.Debug|Any CPU.ActiveCfg = Debug|Any CPU
		{176E35F5-ACDE-421E-901B-A622BBC08256}.Debug|Any CPU.Build.0 = Debug|Any CPU
		{176E35F5-ACDE-421E-901B-A622BBC08256}.Release|Any CPU.ActiveCfg = Release|Any CPU
		{176E35F5-ACDE-421E-901B-A622BBC08256}.Release|Any CPU.Build.0 = Release|Any CPU
		{3C16828A-9A65-452F-87AF-50B4C7307498}.Debug|Any CPU.ActiveCfg = Debug|Any CPU
		{3C16828A-9A65-452F-87AF-50B4C7307498}.Debug|Any CPU.Build.0 = Debug|Any CPU
		{3C16828A-9A65-452F-87AF-50B4C7307498}.Release|Any CPU.ActiveCfg = Release|Any CPU
		{3C16828A-9A65-452F-87AF-50B4C7307498}.Release|Any CPU.Build.0 = Release|Any CPU
		{C8B003D6-696B-4B2D-B196-1685A2C62589}.Debug|Any CPU.ActiveCfg = Debug|Any CPU
		{C8B003D6-696B-4B2D-B196-1685A2C62589}.Debug|Any CPU.Build.0 = Debug|Any CPU
		{C8B003D6-696B-4B2D-B196-1685A2C62589}.Release|Any CPU.ActiveCfg = Release|Any CPU
		{C8B003D6-696B-4B2D-B196-1685A2C62589}.Release|Any CPU.Build.0 = Release|Any CPU
		{C9A36C96-03EB-4D74-B43A-7107735E6EA6}.Debug|Any CPU.ActiveCfg = Debug|Any CPU
		{C9A36C96-03EB-4D74-B43A-7107735E6EA6}.Debug|Any CPU.Build.0 = Debug|Any CPU
		{C9A36C96-03EB-4D74-B43A-7107735E6EA6}.Release|Any CPU.ActiveCfg = Release|Any CPU
		{C9A36C96-03EB-4D74-B43A-7107735E6EA6}.Release|Any CPU.Build.0 = Release|Any CPU
		{2CC0550D-6FA2-4FB2-B0AD-4FFCD3CE5A34}.Debug|Any CPU.ActiveCfg = Debug|Any CPU
		{2CC0550D-6FA2-4FB2-B0AD-4FFCD3CE5A34}.Debug|Any CPU.Build.0 = Debug|Any CPU
		{2CC0550D-6FA2-4FB2-B0AD-4FFCD3CE5A34}.Release|Any CPU.ActiveCfg = Release|Any CPU
		{2CC0550D-6FA2-4FB2-B0AD-4FFCD3CE5A34}.Release|Any CPU.Build.0 = Release|Any CPU
		{27A24DA5-66F4-45E6-AC07-908A183802A0}.Debug|Any CPU.ActiveCfg = Debug|Any CPU
		{27A24DA5-66F4-45E6-AC07-908A183802A0}.Debug|Any CPU.Build.0 = Debug|Any CPU
		{27A24DA5-66F4-45E6-AC07-908A183802A0}.Release|Any CPU.ActiveCfg = Release|Any CPU
		{27A24DA5-66F4-45E6-AC07-908A183802A0}.Release|Any CPU.Build.0 = Release|Any CPU
		{449EB9B8-AEF6-47DB-80B1-809E94DDC2B2}.Debug|Any CPU.ActiveCfg = Debug|Any CPU
		{449EB9B8-AEF6-47DB-80B1-809E94DDC2B2}.Debug|Any CPU.Build.0 = Debug|Any CPU
		{449EB9B8-AEF6-47DB-80B1-809E94DDC2B2}.Release|Any CPU.ActiveCfg = Release|Any CPU
		{449EB9B8-AEF6-47DB-80B1-809E94DDC2B2}.Release|Any CPU.Build.0 = Release|Any CPU
		{43F598EE-E122-4A84-A0DB-AF83F2897715}.Debug|Any CPU.ActiveCfg = Debug|Any CPU
		{43F598EE-E122-4A84-A0DB-AF83F2897715}.Debug|Any CPU.Build.0 = Debug|Any CPU
		{43F598EE-E122-4A84-A0DB-AF83F2897715}.Release|Any CPU.ActiveCfg = Release|Any CPU
		{43F598EE-E122-4A84-A0DB-AF83F2897715}.Release|Any CPU.Build.0 = Release|Any CPU
		{ABB7D3A8-4970-43A4-853B-C5A5EE6746EB}.Debug|Any CPU.ActiveCfg = Debug|Any CPU
		{ABB7D3A8-4970-43A4-853B-C5A5EE6746EB}.Debug|Any CPU.Build.0 = Debug|Any CPU
		{ABB7D3A8-4970-43A4-853B-C5A5EE6746EB}.Release|Any CPU.ActiveCfg = Release|Any CPU
		{ABB7D3A8-4970-43A4-853B-C5A5EE6746EB}.Release|Any CPU.Build.0 = Release|Any CPU
		{D67D0A5C-C079-4BDA-AEDB-A59FF5FD8FA2}.Debug|Any CPU.ActiveCfg = Debug|Any CPU
		{D67D0A5C-C079-4BDA-AEDB-A59FF5FD8FA2}.Debug|Any CPU.Build.0 = Debug|Any CPU
		{D67D0A5C-C079-4BDA-AEDB-A59FF5FD8FA2}.Release|Any CPU.ActiveCfg = Release|Any CPU
		{D67D0A5C-C079-4BDA-AEDB-A59FF5FD8FA2}.Release|Any CPU.Build.0 = Release|Any CPU
		{3610AE8B-5678-449A-8FF4-E0D28D38E58C}.Debug|Any CPU.ActiveCfg = Debug|Any CPU
		{3610AE8B-5678-449A-8FF4-E0D28D38E58C}.Debug|Any CPU.Build.0 = Debug|Any CPU
		{3610AE8B-5678-449A-8FF4-E0D28D38E58C}.Release|Any CPU.ActiveCfg = Release|Any CPU
		{3610AE8B-5678-449A-8FF4-E0D28D38E58C}.Release|Any CPU.Build.0 = Release|Any CPU
		{E34538E0-8824-4527-B45D-A79207C2FC69}.Debug|Any CPU.ActiveCfg = Debug|Any CPU
		{E34538E0-8824-4527-B45D-A79207C2FC69}.Debug|Any CPU.Build.0 = Debug|Any CPU
		{E34538E0-8824-4527-B45D-A79207C2FC69}.Release|Any CPU.ActiveCfg = Release|Any CPU
		{E34538E0-8824-4527-B45D-A79207C2FC69}.Release|Any CPU.Build.0 = Release|Any CPU
		{77AA5756-975F-4A76-ADCE-09C4D3CD9B3D}.Debug|Any CPU.ActiveCfg = Debug|Any CPU
		{77AA5756-975F-4A76-ADCE-09C4D3CD9B3D}.Debug|Any CPU.Build.0 = Debug|Any CPU
		{77AA5756-975F-4A76-ADCE-09C4D3CD9B3D}.Release|Any CPU.ActiveCfg = Release|Any CPU
		{77AA5756-975F-4A76-ADCE-09C4D3CD9B3D}.Release|Any CPU.Build.0 = Release|Any CPU
	EndGlobalSection
	GlobalSection(SolutionProperties) = preSolution
		HideSolutionNode = FALSE
	EndGlobalSection
	GlobalSection(NestedProjects) = preSolution
		{11B4DC70-8BEC-45EC-8E69-330878EDD397} = {4A84D811-EB46-461E-BDEC-A752CB8AFBD6}
		{176E35F5-ACDE-421E-901B-A622BBC08256} = {471A9429-19DD-4230-A6F0-2A6E3AAC44D8}
		{3C16828A-9A65-452F-87AF-50B4C7307498} = {471A9429-19DD-4230-A6F0-2A6E3AAC44D8}
		{C8B003D6-696B-4B2D-B196-1685A2C62589} = {471A9429-19DD-4230-A6F0-2A6E3AAC44D8}
		{C9A36C96-03EB-4D74-B43A-7107735E6EA6} = {F532B419-0BA1-4BD8-A9C9-2A33F8CE7C08}
		{2CC0550D-6FA2-4FB2-B0AD-4FFCD3CE5A34} = {F532B419-0BA1-4BD8-A9C9-2A33F8CE7C08}
		{27A24DA5-66F4-45E6-AC07-908A183802A0} = {F532B419-0BA1-4BD8-A9C9-2A33F8CE7C08}
		{449EB9B8-AEF6-47DB-80B1-809E94DDC2B2} = {F532B419-0BA1-4BD8-A9C9-2A33F8CE7C08}
		{43F598EE-E122-4A84-A0DB-AF83F2897715} = {8EB89AA4-2EAE-4E1F-B817-BA35C6A2C71A}
		{ABB7D3A8-4970-43A4-853B-C5A5EE6746EB} = {8EB89AA4-2EAE-4E1F-B817-BA35C6A2C71A}
		{D67D0A5C-C079-4BDA-AEDB-A59FF5FD8FA2} = {8EB89AA4-2EAE-4E1F-B817-BA35C6A2C71A}
		{3610AE8B-5678-449A-8FF4-E0D28D38E58C} = {63B3946A-BCD1-48ED-999D-B9357DF8200B}
		{E34538E0-8824-4527-B45D-A79207C2FC69} = {E93CE77B-1735-4DFF-AD85-D7CFB568D140}
		{77AA5756-975F-4A76-ADCE-09C4D3CD9B3D} = {12051BEE-AFCD-4A79-BAEA-F4C068C34347}
	EndGlobalSection
	GlobalSection(ExtensibilityGlobals) = postSolution
		SolutionGuid = {4C3D5D96-0023-4DC0-A6D6-1BAC8E60ACB2}
	EndGlobalSection
EndGlobal
